
Microsoft Visual Studio Solution File, Format Version 12.00
# Visual Studio Version 16
VisualStudioVersion = 16.0.30804.86
MinimumVisualStudioVersion = 10.0.40219.1
Project("{FAE04EC0-301F-11D3-BF4B-00C04F79EFBC}") = "Gravito.CIAM", "Gravito.CIAM\Gravito.CIAM.csproj", "{2ACB1ABC-2FA3-4ADE-8B02-87FD5515AA72}"
EndProject
Global
	GlobalSection(SolutionConfigurationPlatforms) = preSolution
		Debug|Any CPU = Debug|Any CPU
		Release|Any CPU = Release|Any CPU
	EndGlobalSection
	GlobalSection(ProjectConfigurationPlatforms) = postSolution
		{2ACB1ABC-2FA3-4ADE-8B02-87FD5515AA72}.Debug|Any CPU.ActiveCfg = Debug|Any CPU
		{2ACB1ABC-2FA3-4ADE-8B02-87FD5515AA72}.Debug|Any CPU.Build.0 = Debug|Any CPU
		{2ACB1ABC-2FA3-4ADE-8B02-87FD5515AA72}.Release|Any CPU.ActiveCfg = Release|Any CPU
		{2ACB1ABC-2FA3-4ADE-8B02-87FD5515AA72}.Release|Any CPU.Build.0 = Release|Any CPU
	EndGlobalSection
	GlobalSection(SolutionProperties) = preSolution
		HideSolutionNode = FALSE
	EndGlobalSection
	GlobalSection(ExtensibilityGlobals) = postSolution
		SolutionGuid = {3BEE5376-200B-44FF-9EDF-13B8F09A86D5}
	EndGlobalSection
EndGlobal
